
Microsoft Visual Studio Solution File, Format Version 12.00
# Visual Studio Version 16
VisualStudioVersion = 16.0.30907.101
MinimumVisualStudioVersion = 10.0.40219.1
Project("{FAE04EC0-301F-11D3-BF4B-00C04F79EFBC}") = "MyTwitty", "MyTwitty.csproj", "{66BD11EF-0882-4047-BD69-EB29AE8C7116}"
EndProject
Global
	GlobalSection(SolutionConfigurationPlatforms) = preSolution
		Debug|Any CPU = Debug|Any CPU
		Release|Any CPU = Release|Any CPU
	EndGlobalSection
	GlobalSection(ProjectConfigurationPlatforms) = postSolution
		{66BD11EF-0882-4047-BD69-EB29AE8C7116}.Debug|Any CPU.ActiveCfg = Debug|Any CPU
		{66BD11EF-0882-4047-BD69-EB29AE8C7116}.Debug|Any CPU.Build.0 = Debug|Any CPU
		{66BD11EF-0882-4047-BD69-EB29AE8C7116}.Release|Any CPU.ActiveCfg = Release|Any CPU
		{66BD11EF-0882-4047-BD69-EB29AE8C7116}.Release|Any CPU.Build.0 = Release|Any CPU
	EndGlobalSection
	GlobalSection(SolutionProperties) = preSolution
		HideSolutionNode = FALSE
	EndGlobalSection
	GlobalSection(ExtensibilityGlobals) = postSolution
		SolutionGuid = {1A95DDA6-B0ED-4B8C-89E1-873410947661}
	EndGlobalSection
EndGlobal
